// !$*UTF8*$!
{
	archiveVersion = 1;
	classes = {
	};
	objectVersion = 46;
	objects = {

/* Begin PBXBuildFile section */
		D7BC9AFA1ABA012C00235005 /* AppDelegate.swift in Sources */ = {isa = PBXBuildFile; fileRef = D7BC9AF91ABA012C00235005 /* AppDelegate.swift */; };
		D7BC9AFC1ABA012C00235005 /* ViewController.swift in Sources */ = {isa = PBXBuildFile; fileRef = D7BC9AFB1ABA012C00235005 /* ViewController.swift */; };
		D7BC9AFF1ABA012C00235005 /* Main.storyboard in Resources */ = {isa = PBXBuildFile; fileRef = D7BC9AFD1ABA012C00235005 /* Main.storyboard */; };
		D7BC9B011ABA012C00235005 /* Images.xcassets in Resources */ = {isa = PBXBuildFile; fileRef = D7BC9B001ABA012C00235005 /* Images.xcassets */; };
		D7BC9B041ABA012C00235005 /* LaunchScreen.xib in Resources */ = {isa = PBXBuildFile; fileRef = D7BC9B021ABA012C00235005 /* LaunchScreen.xib */; };
		D7BC9B101ABA012D00235005 /* PostcardTests.swift in Sources */ = {isa = PBXBuildFile; fileRef = D7BC9B0F1ABA012D00235005 /* PostcardTests.swift */; };
		D7BC9B1A1ABB034100235005 /* sagrada-familia.png in Resources */ = {isa = PBXBuildFile; fileRef = D7BC9B191ABB034100235005 /* sagrada-familia.png */; };
		D7BC9B1C1ABBAD7400235005 /* Einstein_laughing.jpeg in Resources */ = {isa = PBXBuildFile; fileRef = D7BC9B1B1ABBAD7400235005 /* Einstein_laughing.jpeg */; };
/* End PBXBuildFile section */

/* Begin PBXContainerItemProxy section */
		D7BC9B0A1ABA012D00235005 /* PBXContainerItemProxy */ = {
			isa = PBXContainerItemProxy;
			containerPortal = D7BC9AEC1ABA012C00235005 /* Project object */;
			proxyType = 1;
			remoteGlobalIDString = D7BC9AF31ABA012C00235005;
			remoteInfo = Postcard;
		};
/* End PBXContainerItemProxy section */

/* Begin PBXFileReference section */
		D7BC9AF41ABA012C00235005 /* Postcard.app */ = {isa = PBXFileReference; explicitFileType = wrapper.application; includeInIndex = 0; path = Postcard.app; sourceTree = BUILT_PRODUCTS_DIR; };
		D7BC9AF81ABA012C00235005 /* Info.plist */ = {isa = PBXFileReference; lastKnownFileType = text.plist.xml; path = Info.plist; sourceTree = "<group>"; };
		D7BC9AF91ABA012C00235005 /* AppDelegate.swift */ = {isa = PBXFileReference; lastKnownFileType = sourcecode.swift; path = AppDelegate.swift; sourceTree = "<group>"; };
		D7BC9AFB1ABA012C00235005 /* ViewController.swift */ = {isa = PBXFileReference; lastKnownFileType = sourcecode.swift; path = ViewController.swift; sourceTree = "<group>"; };
		D7BC9AFE1ABA012C00235005 /* Base */ = {isa = PBXFileReference; lastKnownFileType = file.storyboard; name = Base; path = Base.lproj/Main.storyboard; sourceTree = "<group>"; };
		D7BC9B001ABA012C00235005 /* Images.xcassets */ = {isa = PBXFileReference; lastKnownFileType = folder.assetcatalog; path = Images.xcassets; sourceTree = "<group>"; };
		D7BC9B031ABA012C00235005 /* Base */ = {isa = PBXFileReference; lastKnownFileType = file.xib; name = Base; path = Base.lproj/LaunchScreen.xib; sourceTree = "<group>"; };
		D7BC9B091ABA012D00235005 /* PostcardTests.xctest */ = {isa = PBXFileReference; explicitFileType = wrapper.cfbundle; includeInIndex = 0; path = PostcardTests.xctest; sourceTree = BUILT_PRODUCTS_DIR; };
		D7BC9B0E1ABA012D00235005 /* Info.plist */ = {isa = PBXFileReference; lastKnownFileType = text.plist.xml; path = Info.plist; sourceTree = "<group>"; };
		D7BC9B0F1ABA012D00235005 /* PostcardTests.swift */ = {isa = PBXFileReference; lastKnownFileType = sourcecode.swift; path = PostcardTests.swift; sourceTree = "<group>"; };
		D7BC9B191ABB034100235005 /* sagrada-familia.png */ = {isa = PBXFileReference; lastKnownFileType = image.png; path = "sagrada-familia.png"; sourceTree = "<group>"; };
		D7BC9B1B1ABBAD7400235005 /* Einstein_laughing.jpeg */ = {isa = PBXFileReference; lastKnownFileType = image.jpeg; path = Einstein_laughing.jpeg; sourceTree = "<group>"; };
/* End PBXFileReference section */

/* Begin PBXFrameworksBuildPhase section */
		D7BC9AF11ABA012C00235005 /* Frameworks */ = {
			isa = PBXFrameworksBuildPhase;
			buildActionMask = 2147483647;
			files = (
			);
			runOnlyForDeploymentPostprocessing = 0;
		};
		D7BC9B061ABA012D00235005 /* Frameworks */ = {
			isa = PBXFrameworksBuildPhase;
			buildActionMask = 2147483647;
			files = (
			);
			runOnlyForDeploymentPostprocessing = 0;
		};
/* End PBXFrameworksBuildPhase section */

/* Begin PBXGroup section */
		D7BC9AEB1ABA012C00235005 = {
			isa = PBXGroup;
			children = (
				D7BC9AF61ABA012C00235005 /* Postcard */,
				D7BC9B0C1ABA012D00235005 /* PostcardTests */,
				D7BC9AF51ABA012C00235005 /* Products */,
			);
			sourceTree = "<group>";
		};
		D7BC9AF51ABA012C00235005 /* Products */ = {
			isa = PBXGroup;
			children = (
				D7BC9AF41ABA012C00235005 /* Postcard.app */,
				D7BC9B091ABA012D00235005 /* PostcardTests.xctest */,
			);
			name = Products;
			sourceTree = "<group>";
		};
		D7BC9AF61ABA012C00235005 /* Postcard */ = {
			isa = PBXGroup;
			children = (
				D7BC9AF91ABA012C00235005 /* AppDelegate.swift */,
				D7BC9AFB1ABA012C00235005 /* ViewController.swift */,
				D7BC9AFD1ABA012C00235005 /* Main.storyboard */,
				D7BC9B001ABA012C00235005 /* Images.xcassets */,
				D7BC9B021ABA012C00235005 /* LaunchScreen.xib */,
				D7BC9AF71ABA012C00235005 /* Supporting Files */,
			);
			path = Postcard;
			sourceTree = "<group>";
		};
		D7BC9AF71ABA012C00235005 /* Supporting Files */ = {
			isa = PBXGroup;
			children = (
				D7BC9B1B1ABBAD7400235005 /* Einstein_laughing.jpeg */,
				D7BC9B191ABB034100235005 /* sagrada-familia.png */,
				D7BC9AF81ABA012C00235005 /* Info.plist */,
			);
			name = "Supporting Files";
			sourceTree = "<group>";
		};
		D7BC9B0C1ABA012D00235005 /* PostcardTests */ = {
			isa = PBXGroup;
			children = (
				D7BC9B0F1ABA012D00235005 /* PostcardTests.swift */,
				D7BC9B0D1ABA012D00235005 /* Supporting Files */,
			);
			path = PostcardTests;
			sourceTree = "<group>";
		};
		D7BC9B0D1ABA012D00235005 /* Supporting Files */ = {
			isa = PBXGroup;
			children = (
				D7BC9B0E1ABA012D00235005 /* Info.plist */,
			);
			name = "Supporting Files";
			sourceTree = "<group>";
		};
/* End PBXGroup section */

/* Begin PBXNativeTarget section */
		D7BC9AF31ABA012C00235005 /* Postcard */ = {
			isa = PBXNativeTarget;
			buildConfigurationList = D7BC9B131ABA012D00235005 /* Build configuration list for PBXNativeTarget "Postcard" */;
			buildPhases = (
				D7BC9AF01ABA012C00235005 /* Sources */,
				D7BC9AF11ABA012C00235005 /* Frameworks */,
				D7BC9AF21ABA012C00235005 /* Resources */,
			);
			buildRules = (
			);
			dependencies = (
			);
			name = Postcard;
			productName = Postcard;
			productReference = D7BC9AF41ABA012C00235005 /* Postcard.app */;
			productType = "com.apple.product-type.application";
		};
		D7BC9B081ABA012D00235005 /* PostcardTests */ = {
			isa = PBXNativeTarget;
			buildConfigurationList = D7BC9B161ABA012D00235005 /* Build configuration list for PBXNativeTarget "PostcardTests" */;
			buildPhases = (
				D7BC9B051ABA012D00235005 /* Sources */,
				D7BC9B061ABA012D00235005 /* Frameworks */,
				D7BC9B071ABA012D00235005 /* Resources */,
			);
			buildRules = (
			);
			dependencies = (
				D7BC9B0B1ABA012D00235005 /* PBXTargetDependency */,
			);
			name = PostcardTests;
			productName = PostcardTests;
			productReference = D7BC9B091ABA012D00235005 /* PostcardTests.xctest */;
			productType = "com.apple.product-type.bundle.unit-test";
		};
/* End PBXNativeTarget section */

/* Begin PBXProject section */
		D7BC9AEC1ABA012C00235005 /* Project object */ = {
			isa = PBXProject;
			attributes = {
				LastUpgradeCheck = 0600;
				ORGANIZATIONNAME = mihnea;
				TargetAttributes = {
					D7BC9AF31ABA012C00235005 = {
						CreatedOnToolsVersion = 6.0.1;
					};
					D7BC9B081ABA012D00235005 = {
						CreatedOnToolsVersion = 6.0.1;
						TestTargetID = D7BC9AF31ABA012C00235005;
					};
				};
			};
			buildConfigurationList = D7BC9AEF1ABA012C00235005 /* Build configuration list for PBXProject "Postcard" */;
			compatibilityVersion = "Xcode 3.2";
			developmentRegion = English;
			hasScannedForEncodings = 0;
			knownRegions = (
				en,
				Base,
			);
			mainGroup = D7BC9AEB1ABA012C00235005;
			productRefGroup = D7BC9AF51ABA012C00235005 /* Products */;
			projectDirPath = "";
			projectRoot = "";
			targets = (
				D7BC9AF31ABA012C00235005 /* Postcard */,
				D7BC9B081ABA012D00235005 /* PostcardTests */,
			);
		};
/* End PBXProject section */

/* Begin PBXResourcesBuildPhase section */
		D7BC9AF21ABA012C00235005 /* Resources */ = {
			isa = PBXResourcesBuildPhase;
			buildActionMask = 2147483647;
			files = (
				D7BC9AFF1ABA012C00235005 /* Main.storyboard in Resources */,
				D7BC9B1A1ABB034100235005 /* sagrada-familia.png in Resources */,
				D7BC9B041ABA012C00235005 /* LaunchScreen.xib in Resources */,
				D7BC9B1C1ABBAD7400235005 /* Einstein_laughing.jpeg in Resources */,
				D7BC9B011ABA012C00235005 /* Images.xcassets in Resources */,
			);
			runOnlyForDeploymentPostprocessing = 0;
		};
		D7BC9B071ABA012D00235005 /* Resources */ = {
			isa = PBXResourcesBuildPhase;
			buildActionMask = 2147483647;
			files = (
			);
			runOnlyForDeploymentPostprocessing = 0;
		};
/* End PBXResourcesBuildPhase section */

/* Begin PBXSourcesBuildPhase section */
		D7BC9AF01ABA012C00235005 /* Sources */ = {
			isa = PBXSourcesBuildPhase;
			buildActionMask = 2147483647;
			files = (
				D7BC9AFC1ABA012C00235005 /* ViewController.swift in Sources */,
				D7BC9AFA1ABA012C00235005 /* AppDelegate.swift in Sources */,
			);
			runOnlyForDeploymentPostprocessing = 0;
		};
		D7BC9B051ABA012D00235005 /* Sources */ = {
			isa = PBXSourcesBuildPhase;
			buildActionMask = 2147483647;
			files = (
				D7BC9B101ABA012D00235005 /* PostcardTests.swift in Sources */,
			);
			runOnlyForDeploymentPostprocessing = 0;
		};
/* End PBXSourcesBuildPhase section */

/* Begin PBXTargetDependency section */
		D7BC9B0B1ABA012D00235005 /* PBXTargetDependency */ = {
			isa = PBXTargetDependency;
			target = D7BC9AF31ABA012C00235005 /* Postcard */;
			targetProxy = D7BC9B0A1ABA012D00235005 /* PBXContainerItemProxy */;
		};
/* End PBXTargetDependency section */

/* Begin PBXVariantGroup section */
		D7BC9AFD1ABA012C00235005 /* Main.storyboard */ = {
			isa = PBXVariantGroup;
			children = (
				D7BC9AFE1ABA012C00235005 /* Base */,
			);
			name = Main.storyboard;
			sourceTree = "<group>";
		};
		D7BC9B021ABA012C00235005 /* LaunchScreen.xib */ = {
			isa = PBXVariantGroup;
			children = (
				D7BC9B031ABA012C00235005 /* Base */,
			);
			name = LaunchScreen.xib;
			sourceTree = "<group>";
		};
/* End PBXVariantGroup section */

/* Begin XCBuildConfiguration section */
		D7BC9B111ABA012D00235005 /* Debug */ = {
			isa = XCBuildConfiguration;
			buildSettings = {
				ALWAYS_SEARCH_USER_PATHS = NO;
				CLANG_CXX_LANGUAGE_STANDARD = "gnu++0x";
				CLANG_CXX_LIBRARY = "libc++";
				CLANG_ENABLE_MODULES = YES;
				CLANG_ENABLE_OBJC_ARC = YES;
				CLANG_WARN_BOOL_CONVERSION = YES;
				CLANG_WARN_CONSTANT_CONVERSION = YES;
				CLANG_WARN_DIRECT_OBJC_ISA_USAGE = YES_ERROR;
				CLANG_WARN_EMPTY_BODY = YES;
				CLANG_WARN_ENUM_CONVERSION = YES;
				CLANG_WARN_INT_CONVERSION = YES;
				CLANG_WARN_OBJC_ROOT_CLASS = YES_ERROR;
				CLANG_WARN_UNREACHABLE_CODE = YES;
				CLANG_WARN__DUPLICATE_METHOD_MATCH = YES;
				"CODE_SIGN_IDENTITY[sdk=iphoneos*]" = "iPhone Developer";
				COPY_PHASE_STRIP = NO;
				ENABLE_STRICT_OBJC_MSGSEND = YES;
				GCC_C_LANGUAGE_STANDARD = gnu99;
				GCC_DYNAMIC_NO_PIC = NO;
				GCC_OPTIMIZATION_LEVEL = 0;
				GCC_PREPROCESSOR_DEFINITIONS = (
					"DEBUG=1",
					"$(inherited)",
				);
				GCC_SYMBOLS_PRIVATE_EXTERN = NO;
				GCC_WARN_64_TO_32_BIT_CONVERSION = YES;
				GCC_WARN_ABOUT_RETURN_TYPE = YES_ERROR;
				GCC_WARN_UNDECLARED_SELECTOR = YES;
				GCC_WARN_UNINITIALIZED_AUTOS = YES_AGGRESSIVE;
				GCC_WARN_UNUSED_FUNCTION = YES;
				GCC_WARN_UNUSED_VARIABLE = YES;
				IPHONEOS_DEPLOYMENT_TARGET = 8.0;
				MTL_ENABLE_DEBUG_INFO = YES;
				ONLY_ACTIVE_ARCH = YES;
				SDKROOT = iphoneos;
				SWIFT_OPTIMIZATION_LEVEL = "-Onone";
				TARGETED_DEVICE_FAMILY = "1,2";
			};
			name = Debug;
		};
		D7BC9B121ABA012D00235005 /* Release */ = {
			isa = XCBuildConfiguration;
			buildSettings = {
				ALWAYS_SEARCH_USER_PATHS = NO;
				CLANG_CXX_LANGUAGE_STANDARD = "gnu++0x";
				CLANG_CXX_LIBRARY = "libc++";
				CLANG_ENABLE_MODULES = YES;
				CLANG_ENABLE_OBJC_ARC = YES;
				CLANG_WARN_BOOL_CONVERSION = YES;
				CLANG_WARN_CONSTANT_CONVERSION = YES;
				CLANG_WARN_DIRECT_OBJC_ISA_USAGE = YES_ERROR;
				CLANG_WARN_EMPTY_BODY = YES;
				CLANG_WARN_ENUM_CONVERSION = YES;
				CLANG_WARN_INT_CONVERSION = YES;
				CLANG_WARN_OBJC_ROOT_CLASS = YES_ERROR;
				CLANG_WARN_UNREACHABLE_CODE = YES;
				CLANG_WARN__DUPLICATE_METHOD_MATCH = YES;
				"CODE_SIGN_IDENTITY[sdk=iphoneos*]" = "iPhone Developer";
				COPY_PHASE_STRIP = YES;
				ENABLE_NS_ASSERTIONS = NO;
				ENABLE_STRICT_OBJC_MSGSEND = YES;
				GCC_C_LANGUAGE_STANDARD = gnu99;
				GCC_WARN_64_TO_32_BIT_CONVERSION = YES;
				GCC_WARN_ABOUT_RETURN_TYPE = YES_ERROR;
				GCC_WARN_UNDECLARED_SELECTOR = YES;
				GCC_WARN_UNINITIALIZED_AUTOS = YES_AGGRESSIVE;
				GCC_WARN_UNUSED_FUNCTION = YES;
				GCC_WARN_UNUSED_VARIABLE = YES;
				IPHONEOS_DEPLOYMENT_TARGET = 8.0;
				MTL_ENABLE_DEBUG_INFO = NO;
				SDKROOT = iphoneos;
				TARGETED_DEVICE_FAMILY = "1,2";
				VALIDATE_PRODUCT = YES;
			};
			name = Release;
		};
		D7BC9B141ABA012D00235005 /* Debug */ = {
			isa = XCBuildConfiguration;
			buildSettings = {
				ASSETCATALOG_COMPILER_APPICON_NAME = AppIcon;
				INFOPLIST_FILE = Postcard/Info.plist;
				LD_RUNPATH_SEARCH_PATHS = "$(inherited) @executable_path/Frameworks";
				PRODUCT_NAME = "$(TARGET_NAME)";
			};
			name = Debug;
		};
		D7BC9B151ABA012D00235005 /* Release */ = {
			isa = XCBuildConfiguration;
			buildSettings = {
				ASSETCATALOG_COMPILER_APPICON_NAME = AppIcon;
				INFOPLIST_FILE = Postcard/Info.plist;
				LD_RUNPATH_SEARCH_PATHS = "$(inherited) @executable_path/Frameworks";
				PRODUCT_NAME = "$(TARGET_NAME)";
			};
			name = Release;
		};
		D7BC9B171ABA012D00235005 /* Debug */ = {
			isa = XCBuildConfiguration;
			buildSettings = {
				BUNDLE_LOADER = "$(TEST_HOST)";
				FRAMEWORK_SEARCH_PATHS = (
					"$(SDKROOT)/Developer/Library/Frameworks",
					"$(inherited)",
				);
				GCC_PREPROCESSOR_DEFINITIONS = (
					"DEBUG=1",
					"$(inherited)",
				);
				INFOPLIST_FILE = PostcardTests/Info.plist;
				LD_RUNPATH_SEARCH_PATHS = "$(inherited) @executable_path/Frameworks @loader_path/Frameworks";
				PRODUCT_NAME = "$(TARGET_NAME)";
				TEST_HOST = "$(BUILT_PRODUCTS_DIR)/Postcard.app/Postcard";
			};
			name = Debug;
		};
		D7BC9B181ABA012D00235005 /* Release */ = {
			isa = XCBuildConfiguration;
			buildSettings = {
				BUNDLE_LOADER = "$(TEST_HOST)";
				FRAMEWORK_SEARCH_PATHS = (
					"$(SDKROOT)/Developer/Library/Frameworks",
					"$(inherited)",
				);
				INFOPLIST_FILE = PostcardTests/Info.plist;
				LD_RUNPATH_SEARCH_PATHS = "$(inherited) @executable_path/Frameworks @loader_path/Frameworks";
				PRODUCT_NAME = "$(TARGET_NAME)";
				TEST_HOST = "$(BUILT_PRODUCTS_DIR)/Postcard.app/Postcard";
			};
			name = Release;
		};
/* End XCBuildConfiguration section */

/* Begin XCConfigurationList section */
		D7BC9AEF1ABA012C00235005 /* Build configuration list for PBXProject "Postcard" */ = {
			isa = XCConfigurationList;
			buildConfigurations = (
				D7BC9B111ABA012D00235005 /* Debug */,
				D7BC9B121ABA012D00235005 /* Release */,
			);
			defaultConfigurationIsVisible = 0;
			defaultConfigurationName = Release;
		};
		D7BC9B131ABA012D00235005 /* Build configuration list for PBXNativeTarget "Postcard" */ = {
			isa = XCConfigurationList;
			buildConfigurations = (
				D7BC9B141ABA012D00235005 /* Debug */,
				D7BC9B151ABA012D00235005 /* Release */,
			);
			defaultConfigurationIsVisible = 0;
		};
		D7BC9B161ABA012D00235005 /* Build configuration list for PBXNativeTarget "PostcardTests" */ = {
			isa = XCConfigurationList;
			buildConfigurations = (
				D7BC9B171ABA012D00235005 /* Debug */,
				D7BC9B181ABA012D00235005 /* Release */,
			);
			defaultConfigurationIsVisible = 0;
		};
/* End XCConfigurationList section */
	};
	rootObject = D7BC9AEC1ABA012C00235005 /* Project object */;
}
